<?xml version="1.0" encoding="utf-8"?>
<Project ToolsVersion="4.0" xmlns="http://schemas.microsoft.com/developer/msbuild/2003">
  <ItemGroup>
    <Filter Include="源文件">
      <UniqueIdentifier>{4FC737F1-C7A5-4376-A066-2A32D752A2FF}</UniqueIdentifier>
      <Extensions>cpp;c;cc;cxx;def;odl;idl;hpj;bat;asm;asmx</Extensions>
    </Filter>
    <Filter Include="头文件">
      <UniqueIdentifier>{93995380-89BD-4b04-88EB-625FBE52EBFB}</UniqueIdentifier>
      <Extensions>h;hh;hpp;hxx;hm;inl;inc;xsd</Extensions>
    </Filter>
    <Filter Include="资源文件">
      <UniqueIdentifier>{67DA6AB6-F800-4c08-8B7A-83BB121AAD01}</UniqueIdentifier>
      <Extensions>rc;ico;cur;bmp;dlg;rc2;rct;bin;rgs;gif;jpg;jpeg;jpe;resx;tiff;tif;png;wav;mfcribbon-ms</Extensions>
    </Filter>
  </ItemGroup>
  <ItemGroup>
    <ClInclude Include="cinatra_http\connection.hpp">
      <Filter>头文件</Filter>
    </ClInclude>
    <ClInclude Include="cinatra_http\http_parser.h">
      <Filter>头文件</Filter>
    </ClInclude>
    <ClInclude Include="cinatra_http\mime_types.h">
      <Filter>头文件</Filter>
    </ClInclude>
    <ClInclude Include="cinatra_http\multipart_parser.h">
      <Filter>头文件</Filter>
    </ClInclude>
    <ClInclude Include="cinatra_http\picohttpparser.h">
      <Filter>头文件</Filter>
    </ClInclude>
    <ClInclude Include="cinatra_http\utils.h">
      <Filter>头文件</Filter>
    </ClInclude>
    <ClInclude Include="cinatra_http\websocket.h">
      <Filter>头文件</Filter>
    </ClInclude>
    <ClInclude Include="cinatra_http\http_server.h">
      <Filter>头文件</Filter>
    </ClInclude>
    <ClInclude Include="cinatra_http\io_service_pool.h">
      <Filter>头文件</Filter>
    </ClInclude>
    <ClInclude Include="cinatra_http\request.h">
      <Filter>头文件</Filter>
    </ClInclude>
    <ClInclude Include="cinatra_http\response.h">
      <Filter>头文件</Filter>
    </ClInclude>
  </ItemGroup>
  <ItemGroup>
    <ClCompile Include="io_service_pool.cpp">
      <Filter>源文件</Filter>
    </ClCompile>
    <ClCompile Include="mime_types.cpp">
      <Filter>源文件</Filter>
    </ClCompile>
    <ClCompile Include="multipart_parser.c">
      <Filter>源文件</Filter>
    </ClCompile>
    <ClCompile Include="picohttpparser.c">
      <Filter>源文件</Filter>
    </ClCompile>
    <ClCompile Include="request.cpp">
      <Filter>源文件</Filter>
    </ClCompile>
    <ClCompile Include="utils.cpp">
      <Filter>源文件</Filter>
    </ClCompile>
    <ClCompile Include="websocket.cpp">
      <Filter>源文件</Filter>
    </ClCompile>
    <ClCompile Include="response.cpp">
      <Filter>源文件</Filter>
    </ClCompile>
    <ClCompile Include="http_server.cpp">
      <Filter>源文件</Filter>
    </ClCompile>
    <ClCompile Include="http_parser.c">
      <Filter>源文件</Filter>
    </ClCompile>
  </ItemGroup>
</Project>