<?xml version="1.0" encoding="utf-8"?>
<Project ToolsVersion="4.0" xmlns="http://schemas.microsoft.com/developer/msbuild/2003">
  <ItemGroup>
    <Filter Include="源文件">
      <UniqueIdentifier>{4FC737F1-C7A5-4376-A066-2A32D752A2FF}</UniqueIdentifier>
      <Extensions>cpp;c;cc;cxx;def;odl;idl;hpj;bat;asm;asmx</Extensions>
    </Filter>
    <Filter Include="头文件">
      <UniqueIdentifier>{93995380-89BD-4b04-88EB-625FBE52EBFB}</UniqueIdentifier>
      <Extensions>h;hh;hpp;hxx;hm;inl;inc;xsd</Extensions>
    </Filter>
    <Filter Include="资源文件">
      <UniqueIdentifier>{67DA6AB6-F800-4c08-8B7A-83BB121AAD01}</UniqueIdentifier>
      <Extensions>rc;ico;cur;bmp;dlg;rc2;rct;bin;rgs;gif;jpg;jpeg;jpe;resx;tiff;tif;png;wav;mfcribbon-ms</Extensions>
    </Filter>
    <Filter Include="头文件\cinatra">
      <UniqueIdentifier>{97f0fb79-1eb6-4530-ad54-7acf30eaf0f8}</UniqueIdentifier>
    </Filter>
    <Filter Include="头文件\cinatra\middleware">
      <UniqueIdentifier>{840c6166-c2d1-46c3-9201-3d51e87c8664}</UniqueIdentifier>
    </Filter>
  </ItemGroup>
  <ItemGroup>
    <ClInclude Include="cinatra\aop.hpp">
      <Filter>头文件\cinatra</Filter>
    </ClInclude>
    <ClInclude Include="cinatra\cinatra.h">
      <Filter>头文件\cinatra</Filter>
    </ClInclude>
    <ClInclude Include="cinatra\context_container.hpp">
      <Filter>头文件\cinatra</Filter>
    </ClInclude>
    <ClInclude Include="cinatra\function_traits.hpp">
      <Filter>头文件\cinatra</Filter>
    </ClInclude>
    <ClInclude Include="cinatra\router.h">
      <Filter>头文件\cinatra</Filter>
    </ClInclude>
    <ClInclude Include="cinatra\middleware\cookies.hpp">
      <Filter>头文件\cinatra\middleware</Filter>
    </ClInclude>
    <ClInclude Include="cinatra\middleware\session.hpp">
      <Filter>头文件\cinatra\middleware</Filter>
    </ClInclude>
  </ItemGroup>
  <ItemGroup>
    <ClCompile Include="router.cpp">
      <Filter>源文件</Filter>
    </ClCompile>
  </ItemGroup>
</Project>