<?xml version="1.0" encoding="utf-8"?>
<Project ToolsVersion="4.0" xmlns="http://schemas.microsoft.com/developer/msbuild/2003">
  <ItemGroup>
    <Filter Include="源文件">
      <UniqueIdentifier>{4FC737F1-C7A5-4376-A066-2A32D752A2FF}</UniqueIdentifier>
      <Extensions>cpp;c;cc;cxx;def;odl;idl;hpj;bat;asm;asmx</Extensions>
    </Filter>
    <Filter Include="头文件">
      <UniqueIdentifier>{93995380-89BD-4b04-88EB-625FBE52EBFB}</UniqueIdentifier>
      <Extensions>h;hh;hpp;hxx;hm;inl;inc;xsd</Extensions>
    </Filter>
    <Filter Include="资源文件">
      <UniqueIdentifier>{67DA6AB6-F800-4c08-8B7A-83BB121AAD01}</UniqueIdentifier>
      <Extensions>rc;ico;cur;bmp;dlg;rc2;rct;bin;rgs;gif;jpg;jpeg;jpe;resx;tiff;tif;png;wav;mfcribbon-ms</Extensions>
    </Filter>
    <Filter Include="头文件\utils">
      <UniqueIdentifier>{cb69976a-985b-4ac0-8381-29eeffa64d9a}</UniqueIdentifier>
    </Filter>
    <Filter Include="头文件\middleware">
      <UniqueIdentifier>{41ff07b8-83b5-47b2-a15d-36c61374ec90}</UniqueIdentifier>
    </Filter>
    <Filter Include="头文件\http_server">
      <UniqueIdentifier>{0b88575e-6b30-470f-8187-6cf88af80d85}</UniqueIdentifier>
    </Filter>
    <Filter Include="头文件\json">
      <UniqueIdentifier>{762fb6d3-08de-4b7d-b331-53720e24367a}</UniqueIdentifier>
    </Filter>
    <Filter Include="头文件\html_template">
      <UniqueIdentifier>{7ca8b788-e984-4b84-a36a-7189658e1ca5}</UniqueIdentifier>
    </Filter>
    <Filter Include="头文件\html_template\io">
      <UniqueIdentifier>{a94d1b41-c8d4-42d6-bd6b-23fd87987ab4}</UniqueIdentifier>
    </Filter>
    <Filter Include="头文件\html_template\context">
      <UniqueIdentifier>{3c296dfb-a0bd-40dd-a02a-c5db2bc0a997}</UniqueIdentifier>
    </Filter>
    <Filter Include="头文件\html_template\node">
      <UniqueIdentifier>{192b1c50-cdfa-43ee-8bce-b18274ee958f}</UniqueIdentifier>
    </Filter>
    <Filter Include="头文件\html_template\parser">
      <UniqueIdentifier>{5cb146fd-f352-42d1-bf75-0587dbf0ed64}</UniqueIdentifier>
    </Filter>
    <Filter Include="头文件\html_template\template">
      <UniqueIdentifier>{2bd7e28f-f6f5-4e3e-a18e-c7096103dd54}</UniqueIdentifier>
    </Filter>
  </ItemGroup>
  <ItemGroup>
    <ClCompile Include="main.cpp">
      <Filter>源文件</Filter>
    </ClCompile>
  </ItemGroup>
  <ItemGroup>
    <ClInclude Include="..\..\include\cinatra\cinatra.hpp">
      <Filter>头文件</Filter>
    </ClInclude>
    <ClInclude Include="..\..\include\cinatra\token_parser.hpp">
      <Filter>头文件</Filter>
    </ClInclude>
    <ClInclude Include="..\..\include\cinatra\body_parser.hpp">
      <Filter>头文件</Filter>
    </ClInclude>
    <ClInclude Include="..\..\include\cinatra\middleware\cookie.hpp">
      <Filter>头文件\middleware</Filter>
    </ClInclude>
    <ClInclude Include="..\..\include\cinatra\middleware\session.hpp">
      <Filter>头文件\middleware</Filter>
    </ClInclude>
    <ClInclude Include="..\..\include\cinatra\context_container.hpp">
      <Filter>头文件</Filter>
    </ClInclude>
    <ClInclude Include="..\..\include\cinatra\utils\aop.hpp">
      <Filter>头文件\utils</Filter>
    </ClInclude>
    <ClInclude Include="..\..\include\cinatra\utils\function_traits.hpp">
      <Filter>头文件\utils</Filter>
    </ClInclude>
    <ClInclude Include="..\..\include\cinatra\utils\logging.hpp">
      <Filter>头文件\utils</Filter>
    </ClInclude>
    <ClInclude Include="..\..\include\cinatra\utils\string_utils.hpp">
      <Filter>头文件\utils</Filter>
    </ClInclude>
    <ClInclude Include="..\..\include\cinatra\utils\timer.hpp">
      <Filter>头文件\utils</Filter>
    </ClInclude>
    <ClInclude Include="..\..\include\cinatra\utils\utils.hpp">
      <Filter>头文件\utils</Filter>
    </ClInclude>
    <ClInclude Include="..\..\include\cinatra\http_server\connection.hpp">
      <Filter>头文件\http_server</Filter>
    </ClInclude>
    <ClInclude Include="..\..\include\cinatra\http_server\http_server.hpp">
      <Filter>头文件\http_server</Filter>
    </ClInclude>
    <ClInclude Include="..\..\include\cinatra\http_server\io_service_pool.hpp">
      <Filter>头文件\http_server</Filter>
    </ClInclude>
    <ClInclude Include="..\..\include\cinatra\http_server\request.hpp">
      <Filter>头文件\http_server</Filter>
    </ClInclude>
    <ClInclude Include="..\..\include\cinatra\http_server\request_parser.hpp">
      <Filter>头文件\http_server</Filter>
    </ClInclude>
    <ClInclude Include="..\..\include\cinatra\http_server\response.hpp">
      <Filter>头文件\http_server</Filter>
    </ClInclude>
    <ClInclude Include="..\..\include\cinatra\http_router.hpp">
      <Filter>头文件</Filter>
    </ClInclude>
    <ClInclude Include="..\..\include\cinatra\json\json.hpp">
      <Filter>头文件\json</Filter>
    </ClInclude>
    <ClInclude Include="..\..\include\cinatra\html_template\common.hpp">
      <Filter>头文件\html_template</Filter>
    </ClInclude>
    <ClInclude Include="..\..\include\cinatra\html_template\exception.hpp">
      <Filter>头文件\html_template</Filter>
    </ClInclude>
    <ClInclude Include="..\..\include\cinatra\html_template\io\file_reader.hpp">
      <Filter>头文件\html_template\io</Filter>
    </ClInclude>
    <ClInclude Include="..\..\include\cinatra\html_template\io\file_writer.h">
      <Filter>头文件\html_template\io</Filter>
    </ClInclude>
    <ClInclude Include="..\..\include\cinatra\html_template\io\reader.hpp">
      <Filter>头文件\html_template\io</Filter>
    </ClInclude>
    <ClInclude Include="..\..\include\cinatra\html_template\io\string_reader.hpp">
      <Filter>头文件\html_template\io</Filter>
    </ClInclude>
    <ClInclude Include="..\..\include\cinatra\html_template\io\string_writer.hpp">
      <Filter>头文件\html_template\io</Filter>
    </ClInclude>
    <ClInclude Include="..\..\include\cinatra\html_template\io\writer.hpp">
      <Filter>头文件\html_template\io</Filter>
    </ClInclude>
    <ClInclude Include="..\..\include\cinatra\html_template\context\context.hpp">
      <Filter>头文件\html_template\context</Filter>
    </ClInclude>
    <ClInclude Include="..\..\include\cinatra\html_template\node\block_node.hpp">
      <Filter>头文件\html_template\node</Filter>
    </ClInclude>
    <ClInclude Include="..\..\include\cinatra\html_template\node\cache_node.hpp">
      <Filter>头文件\html_template\node</Filter>
    </ClInclude>
    <ClInclude Include="..\..\include\cinatra\html_template\node\each_node.hpp">
      <Filter>头文件\html_template\node</Filter>
    </ClInclude>
    <ClInclude Include="..\..\include\cinatra\html_template\node\else_node.hpp">
      <Filter>头文件\html_template\node</Filter>
    </ClInclude>
    <ClInclude Include="..\..\include\cinatra\html_template\node\extends_node.hpp">
      <Filter>头文件\html_template\node</Filter>
    </ClInclude>
    <ClInclude Include="..\..\include\cinatra\html_template\node\if_node.hpp">
      <Filter>头文件\html_template\node</Filter>
    </ClInclude>
    <ClInclude Include="..\..\include\cinatra\html_template\node\include_node.hpp">
      <Filter>头文件\html_template\node</Filter>
    </ClInclude>
    <ClInclude Include="..\..\include\cinatra\html_template\node\node.hpp">
      <Filter>头文件\html_template\node</Filter>
    </ClInclude>
    <ClInclude Include="..\..\include\cinatra\html_template\node\root.hpp">
      <Filter>头文件\html_template\node</Filter>
    </ClInclude>
    <ClInclude Include="..\..\include\cinatra\html_template\node\text_node.hpp">
      <Filter>头文件\html_template\node</Filter>
    </ClInclude>
    <ClInclude Include="..\..\include\cinatra\html_template\node\variable.hpp">
      <Filter>头文件\html_template\node</Filter>
    </ClInclude>
    <ClInclude Include="..\..\include\cinatra\html_template\parser\expression_parser.hpp">
      <Filter>头文件\html_template\parser</Filter>
    </ClInclude>
    <ClInclude Include="..\..\include\cinatra\html_template\parser\fragment.hpp">
      <Filter>头文件\html_template\parser</Filter>
    </ClInclude>
    <ClInclude Include="..\..\include\cinatra\html_template\parser\parser.hpp">
      <Filter>头文件\html_template\parser</Filter>
    </ClInclude>
    <ClInclude Include="..\..\include\cinatra\html_template\template\file_template.hpp">
      <Filter>头文件\html_template\template</Filter>
    </ClInclude>
    <ClInclude Include="..\..\include\cinatra\html_template\template\template.hpp">
      <Filter>头文件\html_template\template</Filter>
    </ClInclude>
    <ClInclude Include="..\..\include\cinatra\html_template.hpp">
      <Filter>头文件</Filter>
    </ClInclude>
    <ClInclude Include="..\..\include\cinatra\http_server\http_exception.hpp">
      <Filter>头文件\http_server</Filter>
    </ClInclude>
  </ItemGroup>
  <ItemGroup>
    <None Include="..\..\include\cinatra\json\json.ipp">
      <Filter>头文件\json</Filter>
    </None>
    <None Include="..\..\include\cinatra\html_template\parser\parser.ipp">
      <Filter>头文件\html_template\parser</Filter>
    </None>
  </ItemGroup>
</Project>